
Microsoft Visual Studio Solution File, Format Version 12.00
# Visual Studio Version 17
VisualStudioVersion = 17.10.35013.160
MinimumVisualStudioVersion = 10.0.40219.1
Project("{9A19103F-16F7-4668-BE54-9A1E7A4F7556}") = "BookApp.Server", "BookApp.Server\BookApp.Server.csproj", "{8D7706E9-159C-4B33-88B6-BEAECEC9D986}"
EndProject
Project("{54A90642-561A-4BB1-A94E-469ADEE60C69}") = "bookapp.client", "bookapp.client\bookapp.client.esproj", "{151A1E83-EB4B-4C30-82AB-66FA3A4E7BF0}"
EndProject
Project("{2150E333-8FDC-42A3-9474-1A3956D46DE8}") = "src", "src", "{905729B3-16F4-4859-A857-B1B9BC6BD5F8}"
EndProject
Project("{FAE04EC0-301F-11D3-BF4B-00C04F79EFBC}") = "Api", "Api\Api.csproj", "{5D8D5DED-E5F8-41FD-A761-AA2412009AFF}"
EndProject
Project("{FAE04EC0-301F-11D3-BF4B-00C04F79EFBC}") = "Core", "Core\Core.csproj", "{D49AF310-62A5-4716-9623-7E261C25A10F}"
EndProject
Project("{FAE04EC0-301F-11D3-BF4B-00C04F79EFBC}") = "Infrastructure", "Infrastructure\Infrastructure.csproj", "{15E0E35A-B31A-49DD-B58B-F8050E54A3E6}"
EndProject
Global
	GlobalSection(SolutionConfigurationPlatforms) = preSolution
		Debug|Any CPU = Debug|Any CPU
		Release|Any CPU = Release|Any CPU
	EndGlobalSection
	GlobalSection(ProjectConfigurationPlatforms) = postSolution
		{8D7706E9-159C-4B33-88B6-BEAECEC9D986}.Debug|Any CPU.ActiveCfg = Debug|Any CPU
		{8D7706E9-159C-4B33-88B6-BEAECEC9D986}.Debug|Any CPU.Build.0 = Debug|Any CPU
		{8D7706E9-159C-4B33-88B6-BEAECEC9D986}.Release|Any CPU.ActiveCfg = Release|Any CPU
		{8D7706E9-159C-4B33-88B6-BEAECEC9D986}.Release|Any CPU.Build.0 = Release|Any CPU
		{151A1E83-EB4B-4C30-82AB-66FA3A4E7BF0}.Debug|Any CPU.ActiveCfg = Debug|Any CPU
		{151A1E83-EB4B-4C30-82AB-66FA3A4E7BF0}.Debug|Any CPU.Build.0 = Debug|Any CPU
		{151A1E83-EB4B-4C30-82AB-66FA3A4E7BF0}.Debug|Any CPU.Deploy.0 = Debug|Any CPU
		{151A1E83-EB4B-4C30-82AB-66FA3A4E7BF0}.Release|Any CPU.ActiveCfg = Release|Any CPU
		{151A1E83-EB4B-4C30-82AB-66FA3A4E7BF0}.Release|Any CPU.Build.0 = Release|Any CPU
		{151A1E83-EB4B-4C30-82AB-66FA3A4E7BF0}.Release|Any CPU.Deploy.0 = Release|Any CPU
		{5D8D5DED-E5F8-41FD-A761-AA2412009AFF}.Debug|Any CPU.ActiveCfg = Debug|Any CPU
		{5D8D5DED-E5F8-41FD-A761-AA2412009AFF}.Debug|Any CPU.Build.0 = Debug|Any CPU
		{5D8D5DED-E5F8-41FD-A761-AA2412009AFF}.Release|Any CPU.ActiveCfg = Release|Any CPU
		{5D8D5DED-E5F8-41FD-A761-AA2412009AFF}.Release|Any CPU.Build.0 = Release|Any CPU
		{D49AF310-62A5-4716-9623-7E261C25A10F}.Debug|Any CPU.ActiveCfg = Debug|Any CPU
		{D49AF310-62A5-4716-9623-7E261C25A10F}.Debug|Any CPU.Build.0 = Debug|Any CPU
		{D49AF310-62A5-4716-9623-7E261C25A10F}.Release|Any CPU.ActiveCfg = Release|Any CPU
		{D49AF310-62A5-4716-9623-7E261C25A10F}.Release|Any CPU.Build.0 = Release|Any CPU
		{15E0E35A-B31A-49DD-B58B-F8050E54A3E6}.Debug|Any CPU.ActiveCfg = Debug|Any CPU
		{15E0E35A-B31A-49DD-B58B-F8050E54A3E6}.Debug|Any CPU.Build.0 = Debug|Any CPU
		{15E0E35A-B31A-49DD-B58B-F8050E54A3E6}.Release|Any CPU.ActiveCfg = Release|Any CPU
		{15E0E35A-B31A-49DD-B58B-F8050E54A3E6}.Release|Any CPU.Build.0 = Release|Any CPU
	EndGlobalSection
	GlobalSection(SolutionProperties) = preSolution
		HideSolutionNode = FALSE
	EndGlobalSection
	GlobalSection(NestedProjects) = preSolution
		{5D8D5DED-E5F8-41FD-A761-AA2412009AFF} = {905729B3-16F4-4859-A857-B1B9BC6BD5F8}
		{D49AF310-62A5-4716-9623-7E261C25A10F} = {905729B3-16F4-4859-A857-B1B9BC6BD5F8}
		{15E0E35A-B31A-49DD-B58B-F8050E54A3E6} = {905729B3-16F4-4859-A857-B1B9BC6BD5F8}
	EndGlobalSection
	GlobalSection(ExtensibilityGlobals) = postSolution
		SolutionGuid = {6CE802B3-8917-4BA5-B2A0-84AC2D83C369}
	EndGlobalSection
EndGlobal
